// !$*UTF8*$!
{
	archiveVersion = 1;
	classes = {
	};
	objectVersion = 56;
	objects = {

/* Begin PBXBuildFile section */
		2E3ACF8029CEA7A700CB746D /* chat_appApp.swift in Sources */ = {isa = PBXBuildFile; fileRef = 2E3ACF7F29CEA7A700CB746D /* chat_appApp.swift */; };
		2E3ACF8429CEA7A800CB746D /* Assets.xcassets in Resources */ = {isa = PBXBuildFile; fileRef = 2E3ACF8329CEA7A800CB746D /* Assets.xcassets */; };
		2E3ACF8729CEA7A800CB746D /* Preview Assets.xcassets in Resources */ = {isa = PBXBuildFile; fileRef = 2E3ACF8629CEA7A800CB746D /* Preview Assets.xcassets */; };
		2E3ACF8F29CEA82D00CB746D /* LoginView.swift in Sources */ = {isa = PBXBuildFile; fileRef = 2E3ACF8E29CEA82D00CB746D /* LoginView.swift */; };
		2E3ACF9429CEAAAB00CB746D /* Color.swift in Sources */ = {isa = PBXBuildFile; fileRef = 2E3ACF9329CEAAAB00CB746D /* Color.swift */; };
		2E3ACF9629CEAD4100CB746D /* AuthenticationViewModel.swift in Sources */ = {isa = PBXBuildFile; fileRef = 2E3ACF9529CEAD4100CB746D /* AuthenticationViewModel.swift */; };
		2E3ACF9929CF15D100CB746D /* FirebaseAuth in Frameworks */ = {isa = PBXBuildFile; productRef = 2E3ACF9829CF15D100CB746D /* FirebaseAuth */; };
		2E3ACF9B29CF15D100CB746D /* FirebaseFirestore in Frameworks */ = {isa = PBXBuildFile; productRef = 2E3ACF9A29CF15D100CB746D /* FirebaseFirestore */; };
		2E3ACF9D29CF15D100CB746D /* FirebaseStorage in Frameworks */ = {isa = PBXBuildFile; productRef = 2E3ACF9C29CF15D100CB746D /* FirebaseStorage */; };
		2E3ACF9F29CF183700CB746D /* GoogleService-Info.plist in Resources */ = {isa = PBXBuildFile; fileRef = 2E3ACF9E29CF183700CB746D /* GoogleService-Info.plist */; };
		2EF94A762A2A315A00C8E932 /* ContentView.swift in Sources */ = {isa = PBXBuildFile; fileRef = 2EF94A752A2A315A00C8E932 /* ContentView.swift */; };
		2EF94A782A2A344900C8E932 /* GoogleSignInButton.swift in Sources */ = {isa = PBXBuildFile; fileRef = 2EF94A772A2A344900C8E932 /* GoogleSignInButton.swift */; };
		2EF94A7B2A2A34B600C8E932 /* GoogleSignIn in Frameworks */ = {isa = PBXBuildFile; productRef = 2EF94A7A2A2A34B600C8E932 /* GoogleSignIn */; };
		2EF94A7D2A2A34B600C8E932 /* GoogleSignInSwift in Frameworks */ = {isa = PBXBuildFile; productRef = 2EF94A7C2A2A34B600C8E932 /* GoogleSignInSwift */; };
		2EF94A812A2A3BEA00C8E932 /* User.swift in Sources */ = {isa = PBXBuildFile; fileRef = 2EF94A802A2A3BEA00C8E932 /* User.swift */; };
		2EF94A832A2A3EBD00C8E932 /* MainView.swift in Sources */ = {isa = PBXBuildFile; fileRef = 2EF94A822A2A3EBD00C8E932 /* MainView.swift */; };
		2EF94A882A2AEC4800C8E932 /* SetupProfileView.swift in Sources */ = {isa = PBXBuildFile; fileRef = 2EF94A872A2AEC4800C8E932 /* SetupProfileView.swift */; };
		2EF94A8A2A2B002300C8E932 /* ImagePickerView.swift in Sources */ = {isa = PBXBuildFile; fileRef = 2EF94A892A2B002300C8E932 /* ImagePickerView.swift */; };
		2EF94A8D2A2B0ACD00C8E932 /* LoadingView.swift in Sources */ = {isa = PBXBuildFile; fileRef = 2EF94A8C2A2B0ACD00C8E932 /* LoadingView.swift */; };
		2EF94A902A2B29A200C8E932 /* MainViewModel.swift in Sources */ = {isa = PBXBuildFile; fileRef = 2EF94A8F2A2B29A200C8E932 /* MainViewModel.swift */; };
		2EF94A922A2B2A5B00C8E932 /* ChatListView.swift in Sources */ = {isa = PBXBuildFile; fileRef = 2EF94A912A2B2A5B00C8E932 /* ChatListView.swift */; };
		2EF94A942A2B2F2E00C8E932 /* ChatViewModel.swift in Sources */ = {isa = PBXBuildFile; fileRef = 2EF94A932A2B2F2E00C8E932 /* ChatViewModel.swift */; };
		2EF94A962A2B304500C8E932 /* ContactListView.swift in Sources */ = {isa = PBXBuildFile; fileRef = 2EF94A952A2B304500C8E932 /* ContactListView.swift */; };
		2EF94A982A2C111600C8E932 /* ContactCardVIew.swift in Sources */ = {isa = PBXBuildFile; fileRef = 2EF94A972A2C111600C8E932 /* ContactCardVIew.swift */; };
		2EF94A9A2A2C125000C8E932 /* ImageProfileView.swift in Sources */ = {isa = PBXBuildFile; fileRef = 2EF94A992A2C125000C8E932 /* ImageProfileView.swift */; };
		2EF94A9C2A2C157A00C8E932 /* Chat.swift in Sources */ = {isa = PBXBuildFile; fileRef = 2EF94A9B2A2C157A00C8E932 /* Chat.swift */; };
		2EF94A9E2A2C24BE00C8E932 /* AppleSignInButton.swift in Sources */ = {isa = PBXBuildFile; fileRef = 2EF94A9D2A2C24BE00C8E932 /* AppleSignInButton.swift */; };
		2EF94AA02A2C265300C8E932 /* AppleAuth.swift in Sources */ = {isa = PBXBuildFile; fileRef = 2EF94A9F2A2C265300C8E932 /* AppleAuth.swift */; };
		2EF94AA32A2C2AA100C8E932 /* GoogleButtonView.swift in Sources */ = {isa = PBXBuildFile; fileRef = 2EF94AA22A2C2AA100C8E932 /* GoogleButtonView.swift */; };
		2EF94AA52A2C2B1400C8E932 /* AppleButtonView.swift in Sources */ = {isa = PBXBuildFile; fileRef = 2EF94AA42A2C2B1400C8E932 /* AppleButtonView.swift */; };
		2EF94AA82A2CDEF700C8E932 /* ProfileView.swift in Sources */ = {isa = PBXBuildFile; fileRef = 2EF94AA72A2CDEF700C8E932 /* ProfileView.swift */; };
		2EF94AAA2A2CE66B00C8E932 /* ChatCardView.swift in Sources */ = {isa = PBXBuildFile; fileRef = 2EF94AA92A2CE66B00C8E932 /* ChatCardView.swift */; };
/* End PBXBuildFile section */

/* Begin PBXFileReference section */
		2E3ACF7C29CEA7A700CB746D /* chat-app.app */ = {isa = PBXFileReference; explicitFileType = wrapper.application; includeInIndex = 0; path = "chat-app.app"; sourceTree = BUILT_PRODUCTS_DIR; };
		2E3ACF7F29CEA7A700CB746D /* chat_appApp.swift */ = {isa = PBXFileReference; lastKnownFileType = sourcecode.swift; path = chat_appApp.swift; sourceTree = "<group>"; };
		2E3ACF8329CEA7A800CB746D /* Assets.xcassets */ = {isa = PBXFileReference; lastKnownFileType = folder.assetcatalog; path = Assets.xcassets; sourceTree = "<group>"; };
		2E3ACF8629CEA7A800CB746D /* Preview Assets.xcassets */ = {isa = PBXFileReference; lastKnownFileType = folder.assetcatalog; path = "Preview Assets.xcassets"; sourceTree = "<group>"; };
		2E3ACF8E29CEA82D00CB746D /* LoginView.swift */ = {isa = PBXFileReference; lastKnownFileType = sourcecode.swift; path = LoginView.swift; sourceTree = "<group>"; };
		2E3ACF9329CEAAAB00CB746D /* Color.swift */ = {isa = PBXFileReference; lastKnownFileType = sourcecode.swift; path = Color.swift; sourceTree = "<group>"; };
		2E3ACF9529CEAD4100CB746D /* AuthenticationViewModel.swift */ = {isa = PBXFileReference; lastKnownFileType = sourcecode.swift; path = AuthenticationViewModel.swift; sourceTree = "<group>"; };
		2E3ACF9E29CF183700CB746D /* GoogleService-Info.plist */ = {isa = PBXFileReference; fileEncoding = 4; lastKnownFileType = text.plist.xml; name = "GoogleService-Info.plist"; path = "../../../../../Downloads/GoogleService-Info.plist"; sourceTree = "<group>"; };
		2EF94A752A2A315A00C8E932 /* ContentView.swift */ = {isa = PBXFileReference; lastKnownFileType = sourcecode.swift; path = ContentView.swift; sourceTree = "<group>"; };
		2EF94A772A2A344900C8E932 /* GoogleSignInButton.swift */ = {isa = PBXFileReference; lastKnownFileType = sourcecode.swift; path = GoogleSignInButton.swift; sourceTree = "<group>"; };
		2EF94A7E2A2A3B0E00C8E932 /* Info.plist */ = {isa = PBXFileReference; lastKnownFileType = text.plist; path = Info.plist; sourceTree = "<group>"; };
		2EF94A802A2A3BEA00C8E932 /* User.swift */ = {isa = PBXFileReference; lastKnownFileType = sourcecode.swift; path = User.swift; sourceTree = "<group>"; };
		2EF94A822A2A3EBD00C8E932 /* MainView.swift */ = {isa = PBXFileReference; lastKnownFileType = sourcecode.swift; path = MainView.swift; sourceTree = "<group>"; };
		2EF94A872A2AEC4800C8E932 /* SetupProfileView.swift */ = {isa = PBXFileReference; lastKnownFileType = sourcecode.swift; path = SetupProfileView.swift; sourceTree = "<group>"; };
		2EF94A892A2B002300C8E932 /* ImagePickerView.swift */ = {isa = PBXFileReference; lastKnownFileType = sourcecode.swift; path = ImagePickerView.swift; sourceTree = "<group>"; };
		2EF94A8C2A2B0ACD00C8E932 /* LoadingView.swift */ = {isa = PBXFileReference; lastKnownFileType = sourcecode.swift; path = LoadingView.swift; sourceTree = "<group>"; };
		2EF94A8F2A2B29A200C8E932 /* MainViewModel.swift */ = {isa = PBXFileReference; lastKnownFileType = sourcecode.swift; path = MainViewModel.swift; sourceTree = "<group>"; };
		2EF94A912A2B2A5B00C8E932 /* ChatListView.swift */ = {isa = PBXFileReference; lastKnownFileType = sourcecode.swift; path = ChatListView.swift; sourceTree = "<group>"; };
		2EF94A932A2B2F2E00C8E932 /* ChatViewModel.swift */ = {isa = PBXFileReference; lastKnownFileType = sourcecode.swift; path = ChatViewModel.swift; sourceTree = "<group>"; };
		2EF94A952A2B304500C8E932 /* ContactListView.swift */ = {isa = PBXFileReference; lastKnownFileType = sourcecode.swift; path = ContactListView.swift; sourceTree = "<group>"; };
		2EF94A972A2C111600C8E932 /* ContactCardVIew.swift */ = {isa = PBXFileReference; lastKnownFileType = sourcecode.swift; path = ContactCardVIew.swift; sourceTree = "<group>"; };
		2EF94A992A2C125000C8E932 /* ImageProfileView.swift */ = {isa = PBXFileReference; lastKnownFileType = sourcecode.swift; path = ImageProfileView.swift; sourceTree = "<group>"; };
		2EF94A9B2A2C157A00C8E932 /* Chat.swift */ = {isa = PBXFileReference; lastKnownFileType = sourcecode.swift; path = Chat.swift; sourceTree = "<group>"; };
		2EF94A9D2A2C24BE00C8E932 /* AppleSignInButton.swift */ = {isa = PBXFileReference; lastKnownFileType = sourcecode.swift; path = AppleSignInButton.swift; sourceTree = "<group>"; };
		2EF94A9F2A2C265300C8E932 /* AppleAuth.swift */ = {isa = PBXFileReference; lastKnownFileType = sourcecode.swift; path = AppleAuth.swift; sourceTree = "<group>"; };
		2EF94AA12A2C27EB00C8E932 /* chat-app.entitlements */ = {isa = PBXFileReference; lastKnownFileType = text.plist.entitlements; path = "chat-app.entitlements"; sourceTree = "<group>"; };
		2EF94AA22A2C2AA100C8E932 /* GoogleButtonView.swift */ = {isa = PBXFileReference; lastKnownFileType = sourcecode.swift; path = GoogleButtonView.swift; sourceTree = "<group>"; };
		2EF94AA42A2C2B1400C8E932 /* AppleButtonView.swift */ = {isa = PBXFileReference; lastKnownFileType = sourcecode.swift; path = AppleButtonView.swift; sourceTree = "<group>"; };
		2EF94AA72A2CDEF700C8E932 /* ProfileView.swift */ = {isa = PBXFileReference; lastKnownFileType = sourcecode.swift; path = ProfileView.swift; sourceTree = "<group>"; };
		2EF94AA92A2CE66B00C8E932 /* ChatCardView.swift */ = {isa = PBXFileReference; lastKnownFileType = sourcecode.swift; path = ChatCardView.swift; sourceTree = "<group>"; };
/* End PBXFileReference section */

/* Begin PBXFrameworksBuildPhase section */
		2E3ACF7929CEA7A700CB746D /* Frameworks */ = {
			isa = PBXFrameworksBuildPhase;
			buildActionMask = 2147483647;
			files = (
				2EF94A7D2A2A34B600C8E932 /* GoogleSignInSwift in Frameworks */,
				2E3ACF9929CF15D100CB746D /* FirebaseAuth in Frameworks */,
				2EF94A7B2A2A34B600C8E932 /* GoogleSignIn in Frameworks */,
				2E3ACF9B29CF15D100CB746D /* FirebaseFirestore in Frameworks */,
				2E3ACF9D29CF15D100CB746D /* FirebaseStorage in Frameworks */,
			);
			runOnlyForDeploymentPostprocessing = 0;
		};
/* End PBXFrameworksBuildPhase section */

/* Begin PBXGroup section */
		2E3ACF7329CEA7A700CB746D = {
			isa = PBXGroup;
			children = (
				2E3ACF7E29CEA7A700CB746D /* chat-app */,
				2E3ACF7D29CEA7A700CB746D /* Products */,
			);
			sourceTree = "<group>";
		};
		2E3ACF7D29CEA7A700CB746D /* Products */ = {
			isa = PBXGroup;
			children = (
				2E3ACF7C29CEA7A700CB746D /* chat-app.app */,
			);
			name = Products;
			sourceTree = "<group>";
		};
		2E3ACF7E29CEA7A700CB746D /* chat-app */ = {
			isa = PBXGroup;
			children = (
				2EF94AA12A2C27EB00C8E932 /* chat-app.entitlements */,
				2E3ACF9229CEAA9C00CB746D /* Utils */,
				2EF94A7F2A2A3BDD00C8E932 /* Models */,
				2EF94A742A2A314C00C8E932 /* Views */,
				2EF94A842A2AEB7D00C8E932 /* ViewModels */,
				2E3ACF7F29CEA7A700CB746D /* chat_appApp.swift */,
				2EF94A7E2A2A3B0E00C8E932 /* Info.plist */,
				2E3ACF9E29CF183700CB746D /* GoogleService-Info.plist */,
				2E3ACF8329CEA7A800CB746D /* Assets.xcassets */,
				2E3ACF8529CEA7A800CB746D /* Preview Content */,
			);
			path = "chat-app";
			sourceTree = "<group>";
		};
		2E3ACF8529CEA7A800CB746D /* Preview Content */ = {
			isa = PBXGroup;
			children = (
				2E3ACF8629CEA7A800CB746D /* Preview Assets.xcassets */,
			);
			path = "Preview Content";
			sourceTree = "<group>";
		};
		2E3ACF9229CEAA9C00CB746D /* Utils */ = {
			isa = PBXGroup;
			children = (
				2E3ACF9329CEAAAB00CB746D /* Color.swift */,
				2EF94A9F2A2C265300C8E932 /* AppleAuth.swift */,
			);
			path = Utils;
			sourceTree = "<group>";
		};
		2EF94A742A2A314C00C8E932 /* Views */ = {
			isa = PBXGroup;
			children = (
				2EF94AA62A2CDEE400C8E932 /* Profile */,
				2EF94A8B2A2B0ABC00C8E932 /* Utils */,
				2EF94A862A2AEBD300C8E932 /* Main */,
				2EF94A8E2A2B293600C8E932 /* Chat */,
				2EF94A852A2AEB9C00C8E932 /* Authentication */,
			);
			path = Views;
			sourceTree = "<group>";
		};
		2EF94A7F2A2A3BDD00C8E932 /* Models */ = {
			isa = PBXGroup;
			children = (
				2EF94A802A2A3BEA00C8E932 /* User.swift */,
				2EF94A9B2A2C157A00C8E932 /* Chat.swift */,
			);
			path = Models;
			sourceTree = "<group>";
		};
		2EF94A842A2AEB7D00C8E932 /* ViewModels */ = {
			isa = PBXGroup;
			children = (
				2E3ACF9529CEAD4100CB746D /* AuthenticationViewModel.swift */,
				2EF94A8F2A2B29A200C8E932 /* MainViewModel.swift */,
				2EF94A932A2B2F2E00C8E932 /* ChatViewModel.swift */,
			);
			path = ViewModels;
			sourceTree = "<group>";
		};
		2EF94A852A2AEB9C00C8E932 /* Authentication */ = {
			isa = PBXGroup;
			children = (
				2E3ACF8E29CEA82D00CB746D /* LoginView.swift */,
				2EF94A772A2A344900C8E932 /* GoogleSignInButton.swift */,
				2EF94A872A2AEC4800C8E932 /* SetupProfileView.swift */,
				2EF94A9D2A2C24BE00C8E932 /* AppleSignInButton.swift */,
				2EF94AA22A2C2AA100C8E932 /* GoogleButtonView.swift */,
				2EF94AA42A2C2B1400C8E932 /* AppleButtonView.swift */,
			);
			path = Authentication;
			sourceTree = "<group>";
		};
		2EF94A862A2AEBD300C8E932 /* Main */ = {
			isa = PBXGroup;
			children = (
				2EF94A752A2A315A00C8E932 /* ContentView.swift */,
				2EF94A822A2A3EBD00C8E932 /* MainView.swift */,
			);
			path = Main;
			sourceTree = "<group>";
		};
		2EF94A8B2A2B0ABC00C8E932 /* Utils */ = {
			isa = PBXGroup;
			children = (
				2EF94A8C2A2B0ACD00C8E932 /* LoadingView.swift */,
				2EF94A892A2B002300C8E932 /* ImagePickerView.swift */,
				2EF94A992A2C125000C8E932 /* ImageProfileView.swift */,
			);
			path = Utils;
			sourceTree = "<group>";
		};
		2EF94A8E2A2B293600C8E932 /* Chat */ = {
			isa = PBXGroup;
			children = (
				2EF94A912A2B2A5B00C8E932 /* ChatListView.swift */,
				2EF94A952A2B304500C8E932 /* ContactListView.swift */,
				2EF94A972A2C111600C8E932 /* ContactCardVIew.swift */,
				2EF94AA92A2CE66B00C8E932 /* ChatCardView.swift */,
			);
			path = Chat;
			sourceTree = "<group>";
		};
		2EF94AA62A2CDEE400C8E932 /* Profile */ = {
			isa = PBXGroup;
			children = (
				2EF94AA72A2CDEF700C8E932 /* ProfileView.swift */,
			);
			path = Profile;
			sourceTree = "<group>";
		};
/* End PBXGroup section */

/* Begin PBXNativeTarget section */
		2E3ACF7B29CEA7A700CB746D /* chat-app */ = {
			isa = PBXNativeTarget;
			buildConfigurationList = 2E3ACF8A29CEA7A800CB746D /* Build configuration list for PBXNativeTarget "chat-app" */;
			buildPhases = (
				2E3ACF7829CEA7A700CB746D /* Sources */,
				2E3ACF7929CEA7A700CB746D /* Frameworks */,
				2E3ACF7A29CEA7A700CB746D /* Resources */,
			);
			buildRules = (
			);
			dependencies = (
			);
			name = "chat-app";
			packageProductDependencies = (
				2E3ACF9829CF15D100CB746D /* FirebaseAuth */,
				2E3ACF9A29CF15D100CB746D /* FirebaseFirestore */,
				2E3ACF9C29CF15D100CB746D /* FirebaseStorage */,
				2EF94A7A2A2A34B600C8E932 /* GoogleSignIn */,
				2EF94A7C2A2A34B600C8E932 /* GoogleSignInSwift */,
			);
			productName = "chat-app";
			productReference = 2E3ACF7C29CEA7A700CB746D /* chat-app.app */;
			productType = "com.apple.product-type.application";
		};
/* End PBXNativeTarget section */

/* Begin PBXProject section */
		2E3ACF7429CEA7A700CB746D /* Project object */ = {
			isa = PBXProject;
			attributes = {
				BuildIndependentTargetsInParallel = 1;
				LastSwiftUpdateCheck = 1420;
				LastUpgradeCheck = 1420;
				TargetAttributes = {
					2E3ACF7B29CEA7A700CB746D = {
						CreatedOnToolsVersion = 14.2;
					};
				};
			};
			buildConfigurationList = 2E3ACF7729CEA7A700CB746D /* Build configuration list for PBXProject "chat-app" */;
			compatibilityVersion = "Xcode 14.0";
			developmentRegion = en;
			hasScannedForEncodings = 0;
			knownRegions = (
				en,
				Base,
			);
			mainGroup = 2E3ACF7329CEA7A700CB746D;
			packageReferences = (
				2E3ACF9729CF15D100CB746D /* XCRemoteSwiftPackageReference "firebase-ios-sdk" */,
				2EF94A792A2A34B600C8E932 /* XCRemoteSwiftPackageReference "GoogleSignIn-iOS" */,
			);
			productRefGroup = 2E3ACF7D29CEA7A700CB746D /* Products */;
			projectDirPath = "";
			projectRoot = "";
			targets = (
				2E3ACF7B29CEA7A700CB746D /* chat-app */,
			);
		};
/* End PBXProject section */

/* Begin PBXResourcesBuildPhase section */
		2E3ACF7A29CEA7A700CB746D /* Resources */ = {
			isa = PBXResourcesBuildPhase;
			buildActionMask = 2147483647;
			files = (
				2E3ACF8729CEA7A800CB746D /* Preview Assets.xcassets in Resources */,
				2E3ACF8429CEA7A800CB746D /* Assets.xcassets in Resources */,
				2E3ACF9F29CF183700CB746D /* GoogleService-Info.plist in Resources */,
			);
			runOnlyForDeploymentPostprocessing = 0;
		};
/* End PBXResourcesBuildPhase section */

/* Begin PBXSourcesBuildPhase section */
		2E3ACF7829CEA7A700CB746D /* Sources */ = {
			isa = PBXSourcesBuildPhase;
			buildActionMask = 2147483647;
			files = (
				2EF94A962A2B304500C8E932 /* ContactListView.swift in Sources */,
				2EF94AA52A2C2B1400C8E932 /* AppleButtonView.swift in Sources */,
				2EF94A982A2C111600C8E932 /* ContactCardVIew.swift in Sources */,
				2EF94A832A2A3EBD00C8E932 /* MainView.swift in Sources */,
				2E3ACF9629CEAD4100CB746D /* AuthenticationViewModel.swift in Sources */,
				2EF94A762A2A315A00C8E932 /* ContentView.swift in Sources */,
				2EF94A8D2A2B0ACD00C8E932 /* LoadingView.swift in Sources */,
				2E3ACF8F29CEA82D00CB746D /* LoginView.swift in Sources */,
				2EF94A8A2A2B002300C8E932 /* ImagePickerView.swift in Sources */,
				2EF94A882A2AEC4800C8E932 /* SetupProfileView.swift in Sources */,
				2EF94A9E2A2C24BE00C8E932 /* AppleSignInButton.swift in Sources */,
				2EF94AA02A2C265300C8E932 /* AppleAuth.swift in Sources */,
				2EF94A9A2A2C125000C8E932 /* ImageProfileView.swift in Sources */,
				2EF94AA32A2C2AA100C8E932 /* GoogleButtonView.swift in Sources */,
				2EF94A812A2A3BEA00C8E932 /* User.swift in Sources */,
				2EF94A942A2B2F2E00C8E932 /* ChatViewModel.swift in Sources */,
				2E3ACF9429CEAAAB00CB746D /* Color.swift in Sources */,
				2EF94AA82A2CDEF700C8E932 /* ProfileView.swift in Sources */,
				2EF94AAA2A2CE66B00C8E932 /* ChatCardView.swift in Sources */,
				2EF94A9C2A2C157A00C8E932 /* Chat.swift in Sources */,
				2E3ACF8029CEA7A700CB746D /* chat_appApp.swift in Sources */,
				2EF94A782A2A344900C8E932 /* GoogleSignInButton.swift in Sources */,
				2EF94A902A2B29A200C8E932 /* MainViewModel.swift in Sources */,
				2EF94A922A2B2A5B00C8E932 /* ChatListView.swift in Sources */,
			);
			runOnlyForDeploymentPostprocessing = 0;
		};
/* End PBXSourcesBuildPhase section */

/* Begin XCBuildConfiguration section */
		2E3ACF8829CEA7A800CB746D /* Debug */ = {
			isa = XCBuildConfiguration;
			buildSettings = {
				ALWAYS_SEARCH_USER_PATHS = NO;
				CLANG_ANALYZER_NONNULL = YES;
				CLANG_ANALYZER_NUMBER_OBJECT_CONVERSION = YES_AGGRESSIVE;
				CLANG_CXX_LANGUAGE_STANDARD = "gnu++20";
				CLANG_ENABLE_MODULES = YES;
				CLANG_ENABLE_OBJC_ARC = YES;
				CLANG_ENABLE_OBJC_WEAK = YES;
				CLANG_WARN_BLOCK_CAPTURE_AUTORELEASING = YES;
				CLANG_WARN_BOOL_CONVERSION = YES;
				CLANG_WARN_COMMA = YES;
				CLANG_WARN_CONSTANT_CONVERSION = YES;
				CLANG_WARN_DEPRECATED_OBJC_IMPLEMENTATIONS = YES;
				CLANG_WARN_DIRECT_OBJC_ISA_USAGE = YES_ERROR;
				CLANG_WARN_DOCUMENTATION_COMMENTS = YES;
				CLANG_WARN_EMPTY_BODY = YES;
				CLANG_WARN_ENUM_CONVERSION = YES;
				CLANG_WARN_INFINITE_RECURSION = YES;
				CLANG_WARN_INT_CONVERSION = YES;
				CLANG_WARN_NON_LITERAL_NULL_CONVERSION = YES;
				CLANG_WARN_OBJC_IMPLICIT_RETAIN_SELF = YES;
				CLANG_WARN_OBJC_LITERAL_CONVERSION = YES;
				CLANG_WARN_OBJC_ROOT_CLASS = YES_ERROR;
				CLANG_WARN_QUOTED_INCLUDE_IN_FRAMEWORK_HEADER = YES;
				CLANG_WARN_RANGE_LOOP_ANALYSIS = YES;
				CLANG_WARN_STRICT_PROTOTYPES = YES;
				CLANG_WARN_SUSPICIOUS_MOVE = YES;
				CLANG_WARN_UNGUARDED_AVAILABILITY = YES_AGGRESSIVE;
				CLANG_WARN_UNREACHABLE_CODE = YES;
				CLANG_WARN__DUPLICATE_METHOD_MATCH = YES;
				COPY_PHASE_STRIP = NO;
				DEBUG_INFORMATION_FORMAT = dwarf;
				ENABLE_STRICT_OBJC_MSGSEND = YES;
				ENABLE_TESTABILITY = YES;
				GCC_C_LANGUAGE_STANDARD = gnu11;
				GCC_DYNAMIC_NO_PIC = NO;
				GCC_NO_COMMON_BLOCKS = YES;
				GCC_OPTIMIZATION_LEVEL = 0;
				GCC_PREPROCESSOR_DEFINITIONS = (
					"DEBUG=1",
					"$(inherited)",
				);
				GCC_WARN_64_TO_32_BIT_CONVERSION = YES;
				GCC_WARN_ABOUT_RETURN_TYPE = YES_ERROR;
				GCC_WARN_UNDECLARED_SELECTOR = YES;
				GCC_WARN_UNINITIALIZED_AUTOS = YES_AGGRESSIVE;
				GCC_WARN_UNUSED_FUNCTION = YES;
				GCC_WARN_UNUSED_VARIABLE = YES;
				IPHONEOS_DEPLOYMENT_TARGET = 16.2;
				MTL_ENABLE_DEBUG_INFO = INCLUDE_SOURCE;
				MTL_FAST_MATH = YES;
				ONLY_ACTIVE_ARCH = YES;
				SDKROOT = iphoneos;
				SWIFT_ACTIVE_COMPILATION_CONDITIONS = DEBUG;
				SWIFT_OPTIMIZATION_LEVEL = "-Onone";
			};
			name = Debug;
		};
		2E3ACF8929CEA7A800CB746D /* Release */ = {
			isa = XCBuildConfiguration;
			buildSettings = {
				ALWAYS_SEARCH_USER_PATHS = NO;
				CLANG_ANALYZER_NONNULL = YES;
				CLANG_ANALYZER_NUMBER_OBJECT_CONVERSION = YES_AGGRESSIVE;
				CLANG_CXX_LANGUAGE_STANDARD = "gnu++20";
				CLANG_ENABLE_MODULES = YES;
				CLANG_ENABLE_OBJC_ARC = YES;
				CLANG_ENABLE_OBJC_WEAK = YES;
				CLANG_WARN_BLOCK_CAPTURE_AUTORELEASING = YES;
				CLANG_WARN_BOOL_CONVERSION = YES;
				CLANG_WARN_COMMA = YES;
				CLANG_WARN_CONSTANT_CONVERSION = YES;
				CLANG_WARN_DEPRECATED_OBJC_IMPLEMENTATIONS = YES;
				CLANG_WARN_DIRECT_OBJC_ISA_USAGE = YES_ERROR;
				CLANG_WARN_DOCUMENTATION_COMMENTS = YES;
				CLANG_WARN_EMPTY_BODY = YES;
				CLANG_WARN_ENUM_CONVERSION = YES;
				CLANG_WARN_INFINITE_RECURSION = YES;
				CLANG_WARN_INT_CONVERSION = YES;
				CLANG_WARN_NON_LITERAL_NULL_CONVERSION = YES;
				CLANG_WARN_OBJC_IMPLICIT_RETAIN_SELF = YES;
				CLANG_WARN_OBJC_LITERAL_CONVERSION = YES;
				CLANG_WARN_OBJC_ROOT_CLASS = YES_ERROR;
				CLANG_WARN_QUOTED_INCLUDE_IN_FRAMEWORK_HEADER = YES;
				CLANG_WARN_RANGE_LOOP_ANALYSIS = YES;
				CLANG_WARN_STRICT_PROTOTYPES = YES;
				CLANG_WARN_SUSPICIOUS_MOVE = YES;
				CLANG_WARN_UNGUARDED_AVAILABILITY = YES_AGGRESSIVE;
				CLANG_WARN_UNREACHABLE_CODE = YES;
				CLANG_WARN__DUPLICATE_METHOD_MATCH = YES;
				COPY_PHASE_STRIP = NO;
				DEBUG_INFORMATION_FORMAT = "dwarf-with-dsym";
				ENABLE_NS_ASSERTIONS = NO;
				ENABLE_STRICT_OBJC_MSGSEND = YES;
				GCC_C_LANGUAGE_STANDARD = gnu11;
				GCC_NO_COMMON_BLOCKS = YES;
				GCC_WARN_64_TO_32_BIT_CONVERSION = YES;
				GCC_WARN_ABOUT_RETURN_TYPE = YES_ERROR;
				GCC_WARN_UNDECLARED_SELECTOR = YES;
				GCC_WARN_UNINITIALIZED_AUTOS = YES_AGGRESSIVE;
				GCC_WARN_UNUSED_FUNCTION = YES;
				GCC_WARN_UNUSED_VARIABLE = YES;
				IPHONEOS_DEPLOYMENT_TARGET = 16.2;
				MTL_ENABLE_DEBUG_INFO = NO;
				MTL_FAST_MATH = YES;
				SDKROOT = iphoneos;
				SWIFT_COMPILATION_MODE = wholemodule;
				SWIFT_OPTIMIZATION_LEVEL = "-O";
				VALIDATE_PRODUCT = YES;
			};
			name = Release;
		};
		2E3ACF8B29CEA7A800CB746D /* Debug */ = {
			isa = XCBuildConfiguration;
			buildSettings = {
				ASSETCATALOG_COMPILER_APPICON_NAME = AppIcon;
				ASSETCATALOG_COMPILER_GLOBAL_ACCENT_COLOR_NAME = AccentColor;
				CODE_SIGN_ENTITLEMENTS = "chat-app/chat-app.entitlements";
				CODE_SIGN_STYLE = Automatic;
				CURRENT_PROJECT_VERSION = 1;
				DEVELOPMENT_ASSET_PATHS = "\"chat-app/Preview Content\"";
				DEVELOPMENT_TEAM = NH9U89BPWK;
				ENABLE_PREVIEWS = YES;
				GENERATE_INFOPLIST_FILE = YES;
				INFOPLIST_FILE = "chat-app/Info.plist";
				INFOPLIST_KEY_CFBundleDisplayName = WhatsChat;
				INFOPLIST_KEY_UIApplicationSceneManifest_Generation = YES;
				INFOPLIST_KEY_UIApplicationSupportsIndirectInputEvents = YES;
				INFOPLIST_KEY_UILaunchScreen_Generation = YES;
				INFOPLIST_KEY_UISupportedInterfaceOrientations = UIInterfaceOrientationPortrait;
				LD_RUNPATH_SEARCH_PATHS = (
					"$(inherited)",
					"@executable_path/Frameworks",
				);
				MARKETING_VERSION = 1.0;
				PRODUCT_BUNDLE_IDENTIFIER = "com.irfanizudin.chat-app";
				PRODUCT_NAME = "$(TARGET_NAME)";
				SWIFT_EMIT_LOC_STRINGS = YES;
				SWIFT_VERSION = 5.0;
				TARGETED_DEVICE_FAMILY = "1,2";
			};
			name = Debug;
		};
		2E3ACF8C29CEA7A800CB746D /* Release */ = {
			isa = XCBuildConfiguration;
			buildSettings = {
				ASSETCATALOG_COMPILER_APPICON_NAME = AppIcon;
				ASSETCATALOG_COMPILER_GLOBAL_ACCENT_COLOR_NAME = AccentColor;
				CODE_SIGN_ENTITLEMENTS = "chat-app/chat-app.entitlements";
				CODE_SIGN_STYLE = Automatic;
				CURRENT_PROJECT_VERSION = 1;
				DEVELOPMENT_ASSET_PATHS = "\"chat-app/Preview Content\"";
				DEVELOPMENT_TEAM = NH9U89BPWK;
				ENABLE_PREVIEWS = YES;
				GENERATE_INFOPLIST_FILE = YES;
				INFOPLIST_FILE = "chat-app/Info.plist";
				INFOPLIST_KEY_CFBundleDisplayName = WhatsChat;
				INFOPLIST_KEY_UIApplicationSceneManifest_Generation = YES;
				INFOPLIST_KEY_UIApplicationSupportsIndirectInputEvents = YES;
				INFOPLIST_KEY_UILaunchScreen_Generation = YES;
				INFOPLIST_KEY_UISupportedInterfaceOrientations = UIInterfaceOrientationPortrait;
				LD_RUNPATH_SEARCH_PATHS = (
					"$(inherited)",
					"@executable_path/Frameworks",
				);
				MARKETING_VERSION = 1.0;
				PRODUCT_BUNDLE_IDENTIFIER = "com.irfanizudin.chat-app";
				PRODUCT_NAME = "$(TARGET_NAME)";
				SWIFT_EMIT_LOC_STRINGS = YES;
				SWIFT_VERSION = 5.0;
				TARGETED_DEVICE_FAMILY = "1,2";
			};
			name = Release;
		};
/* End XCBuildConfiguration section */

/* Begin XCConfigurationList section */
		2E3ACF7729CEA7A700CB746D /* Build configuration list for PBXProject "chat-app" */ = {
			isa = XCConfigurationList;
			buildConfigurations = (
				2E3ACF8829CEA7A800CB746D /* Debug */,
				2E3ACF8929CEA7A800CB746D /* Release */,
			);
			defaultConfigurationIsVisible = 0;
			defaultConfigurationName = Release;
		};
		2E3ACF8A29CEA7A800CB746D /* Build configuration list for PBXNativeTarget "chat-app" */ = {
			isa = XCConfigurationList;
			buildConfigurations = (
				2E3ACF8B29CEA7A800CB746D /* Debug */,
				2E3ACF8C29CEA7A800CB746D /* Release */,
			);
			defaultConfigurationIsVisible = 0;
			defaultConfigurationName = Release;
		};
/* End XCConfigurationList section */

/* Begin XCRemoteSwiftPackageReference section */
		2E3ACF9729CF15D100CB746D /* XCRemoteSwiftPackageReference "firebase-ios-sdk" */ = {
			isa = XCRemoteSwiftPackageReference;
			repositoryURL = "https://github.com/firebase/firebase-ios-sdk";
			requirement = {
				kind = upToNextMajorVersion;
				minimumVersion = 9.0.0;
			};
		};
		2EF94A792A2A34B600C8E932 /* XCRemoteSwiftPackageReference "GoogleSignIn-iOS" */ = {
			isa = XCRemoteSwiftPackageReference;
			repositoryURL = "https://github.com/google/GoogleSignIn-iOS";
			requirement = {
				kind = upToNextMajorVersion;
				minimumVersion = 7.0.0;
			};
		};
/* End XCRemoteSwiftPackageReference section */

/* Begin XCSwiftPackageProductDependency section */
		2E3ACF9829CF15D100CB746D /* FirebaseAuth */ = {
			isa = XCSwiftPackageProductDependency;
			package = 2E3ACF9729CF15D100CB746D /* XCRemoteSwiftPackageReference "firebase-ios-sdk" */;
			productName = FirebaseAuth;
		};
		2E3ACF9A29CF15D100CB746D /* FirebaseFirestore */ = {
			isa = XCSwiftPackageProductDependency;
			package = 2E3ACF9729CF15D100CB746D /* XCRemoteSwiftPackageReference "firebase-ios-sdk" */;
			productName = FirebaseFirestore;
		};
		2E3ACF9C29CF15D100CB746D /* FirebaseStorage */ = {
			isa = XCSwiftPackageProductDependency;
			package = 2E3ACF9729CF15D100CB746D /* XCRemoteSwiftPackageReference "firebase-ios-sdk" */;
			productName = FirebaseStorage;
		};
		2EF94A7A2A2A34B600C8E932 /* GoogleSignIn */ = {
			isa = XCSwiftPackageProductDependency;
			package = 2EF94A792A2A34B600C8E932 /* XCRemoteSwiftPackageReference "GoogleSignIn-iOS" */;
			productName = GoogleSignIn;
		};
		2EF94A7C2A2A34B600C8E932 /* GoogleSignInSwift */ = {
			isa = XCSwiftPackageProductDependency;
			package = 2EF94A792A2A34B600C8E932 /* XCRemoteSwiftPackageReference "GoogleSignIn-iOS" */;
			productName = GoogleSignInSwift;
		};
/* End XCSwiftPackageProductDependency section */
	};
	rootObject = 2E3ACF7429CEA7A700CB746D /* Project object */;
}
